<?xml version="1.0" encoding="utf-8"?>
<Project ToolsVersion="4.0" xmlns="http://schemas.microsoft.com/developer/msbuild/2003">
  <ItemGroup>
    <Filter Include="Source Files">
      <UniqueIdentifier>{4FC737F1-C7A5-4376-A066-2A32D752A2FF}</UniqueIdentifier>
      <Extensions>cpp;c;cc;cxx;def;odl;idl;hpj;bat;asm;asmx</Extensions>
    </Filter>
    <Filter Include="Header Files">
      <UniqueIdentifier>{93995380-89BD-4b04-88EB-625FBE52EBFB}</UniqueIdentifier>
      <Extensions>h;hh;hpp;hxx;hm;inl;inc;xsd</Extensions>
    </Filter>
    <Filter Include="Resource Files">
      <UniqueIdentifier>{67DA6AB6-F800-4c08-8B7A-83BB121AAD01}</UniqueIdentifier>
      <Extensions>rc;ico;cur;bmp;dlg;rc2;rct;bin;rgs;gif;jpg;jpeg;jpe;resx;tiff;tif;png;wav;mfcribbon-ms</Extensions>
    </Filter>
  </ItemGroup>
  <ItemGroup>
    <ClInclude Include="H_Instances\Room.h">
      <Filter>Header Files</Filter>
    </ClInclude>
    <ClInclude Include="Assets\AssetsManifest.h">
      <Filter>Header Files</Filter>
    </ClInclude>
    <ClInclude Include="H_Instances\Player.h">
      <Filter>Header Files</Filter>
    </ClInclude>
    <ClInclude Include="H_Instances\TextObjects.h">
      <Filter>Header Files</Filter>
    </ClInclude>
    <ClInclude Include="H_Instances\Spinner.h">
      <Filter>Header Files</Filter>
    </ClInclude>
    <ClInclude Include="H_Instances\BouncingBall.h">
      <Filter>Header Files</Filter>
    </ClInclude>
    <ClInclude Include="H_Instances\ReflectiveWall.h">
      <Filter>Header Files</Filter>
    </ClInclude>
    <ClInclude Include="Instances\Headers\Timer.h">
      <Filter>Header Files</Filter>
    </ClInclude>
    <ClInclude Include="Instances\Headers\Environment.h">
      <Filter>Header Files</Filter>
    </ClInclude>
    <ClInclude Include="Instances\Headers\QuadTree.h">
      <Filter>Header Files</Filter>
    </ClInclude>
    <ClInclude Include="Instances\Headers\RenderableCharacter.h">
      <Filter>Header Files</Filter>
    </ClInclude>
    <ClInclude Include="Instances\Headers\RenderableCharSet.h">
      <Filter>Header Files</Filter>
    </ClInclude>
    <ClInclude Include="Instances\Headers\SpeechBox.h">
      <Filter>Header Files</Filter>
    </ClInclude>
    <ClInclude Include="Instances\Headers\Elements\Animation.h">
      <Filter>Header Files</Filter>
    </ClInclude>
    <ClInclude Include="Instances\Headers\Elements\VariableElement.h">
      <Filter>Header Files</Filter>
    </ClInclude>
    <ClInclude Include="Instances\Headers\Game Objects\Entity.h">
      <Filter>Header Files</Filter>
    </ClInclude>
    <ClInclude Include="Instances\Headers\Game Objects\I_VelocityControl.h">
      <Filter>Header Files</Filter>
    </ClInclude>
    <ClInclude Include="Instances\Headers\Game Objects\MouseProcessor.h">
      <Filter>Header Files</Filter>
    </ClInclude>
    <ClInclude Include="Instances\Headers\Game Objects\Position.h">
      <Filter>Header Files</Filter>
    </ClInclude>
    <ClInclude Include="Instances\Headers\Game Objects\Velocity.h">
      <Filter>Header Files</Filter>
    </ClInclude>
    <ClInclude Include="Instances\Headers\GUI Objects\CheckBoxButton.h">
      <Filter>Header Files</Filter>
    </ClInclude>
    <ClInclude Include="Instances\Headers\GUI Objects\DragArea.h">
      <Filter>Header Files</Filter>
    </ClInclude>
    <ClInclude Include="Instances\Headers\GUI Objects\DynamicTextElement.h">
      <Filter>Header Files</Filter>
    </ClInclude>
    <ClInclude Include="Instances\Headers\GUI Objects\GUI_Area.h">
      <Filter>Header Files</Filter>
    </ClInclude>
    <ClInclude Include="Instances\Headers\GUI Objects\ImageElement.h">
      <Filter>Header Files</Filter>
    </ClInclude>
    <ClInclude Include="Instances\Headers\GUI Objects\MenuScreen.h">
      <Filter>Header Files</Filter>
    </ClInclude>
    <ClInclude Include="Instances\Headers\GUI Objects\MenuSystem.h">
      <Filter>Header Files</Filter>
    </ClInclude>
    <ClInclude Include="Instances\Headers\GUI Objects\NavigationButton.h">
      <Filter>Header Files</Filter>
    </ClInclude>
    <ClInclude Include="Instances\Headers\GUI Objects\StaticTextElement.h">
      <Filter>Header Files</Filter>
    </ClInclude>
    <ClInclude Include="Interfaces\Headers\Component.h">
      <Filter>Header Files</Filter>
    </ClInclude>
    <ClInclude Include="Interfaces\Headers\Control.h">
      <Filter>Header Files</Filter>
    </ClInclude>
    <ClInclude Include="Interfaces\Headers\Controllable.h">
      <Filter>Header Files</Filter>
    </ClInclude>
    <ClInclude Include="Interfaces\Headers\DataBound.h">
      <Filter>Header Files</Filter>
    </ClInclude>
    <ClInclude Include="Interfaces\Headers\MotionAffector.h">
      <Filter>Header Files</Filter>
    </ClInclude>
    <ClInclude Include="Interfaces\Headers\Observer.h">
      <Filter>Header Files</Filter>
    </ClInclude>
    <ClInclude Include="Interfaces\Headers\VelocityComponent.h">
      <Filter>Header Files</Filter>
    </ClInclude>
    <ClInclude Include="Interfaces\Headers\Visible.h">
      <Filter>Header Files</Filter>
    </ClInclude>
    <ClInclude Include="Interfaces\Headers\VisibleElement.h">
      <Filter>Header Files</Filter>
    </ClInclude>
    <ClInclude Include="Main\Headers\ComponentTypes.h">
      <Filter>Header Files</Filter>
    </ClInclude>
    <ClInclude Include="Main\Headers\ControlTypes.h">
      <Filter>Header Files</Filter>
    </ClInclude>
    <ClInclude Include="Main\Headers\DrawOrder.h">
      <Filter>Header Files</Filter>
    </ClInclude>
    <ClInclude Include="Main\Headers\ElementTypes.h">
      <Filter>Header Files</Filter>
    </ClInclude>
    <ClInclude Include="Main\Headers\Events.h">
      <Filter>Header Files</Filter>
    </ClInclude>
    <ClInclude Include="Instances\Headers\CORE Objects\Dependency.h">
      <Filter>Header Files</Filter>
    </ClInclude>
    <ClInclude Include="Instances\Headers\Data\Data.h">
      <Filter>Header Files</Filter>
    </ClInclude>
    <ClInclude Include="Instances\Headers\GUI Objects\ButtonComponents\ButtonComponent.h">
      <Filter>Header Files</Filter>
    </ClInclude>
    <ClInclude Include="Instances\Headers\GUI Objects\ButtonComponents\MenuDestination.h">
      <Filter>Header Files</Filter>
    </ClInclude>
    <ClInclude Include="Instances\Headers\GUI Objects\ButtonComponents\MenuLayerAdd.h">
      <Filter>Header Files</Filter>
    </ClInclude>
    <ClInclude Include="Instances\Headers\File Parsing\TemplateDef.h">
      <Filter>Header Files</Filter>
    </ClInclude>
    <ClInclude Include="Subsystems\Headers\Logging\LogFileStream.h">
      <Filter>Header Files</Filter>
    </ClInclude>
    <ClInclude Include="Subsystems\Headers\Logging\LoggingStream.h">
      <Filter>Header Files</Filter>
    </ClInclude>
    <ClInclude Include="Subsystems\Headers\Logging\LogWindowStream.h">
      <Filter>Header Files</Filter>
    </ClInclude>
    <ClInclude Include="Subsystems\Headers\CORE_Devices.h">
      <Filter>Header Files</Filter>
    </ClInclude>
    <ClInclude Include="Subsystems\Headers\CORE_Factory.h">
      <Filter>Header Files</Filter>
    </ClInclude>
    <ClInclude Include="Subsystems\Headers\CORE_Resources.h">
      <Filter>Header Files</Filter>
    </ClInclude>
    <ClInclude Include="Subsystems\Headers\CORE_SystemIO.h">
      <Filter>Header Files</Filter>
    </ClInclude>
    <ClInclude Include="Instances\Headers\Data\Transforms\Transform.h">
      <Filter>Header Files</Filter>
    </ClInclude>
    <ClInclude Include="Instances\Headers\Data\Transforms\TR_Sum.h">
      <Filter>Header Files</Filter>
    </ClInclude>
    <ClInclude Include="Instances\Headers\Data\Transforms\TR_Offset.h">
      <Filter>Header Files</Filter>
    </ClInclude>
    <ClInclude Include="Instances\Headers\Data\Transforms\TR_Average.h">
      <Filter>Header Files</Filter>
    </ClInclude>
    <ClInclude Include="Instances\Headers\Data\Transforms\TR_Simple.h">
      <Filter>Header Files</Filter>
    </ClInclude>
    <ClInclude Include="Subsystems\Headers\CORE_TypeTraits.h">
      <Filter>Header Files</Filter>
    </ClInclude>
    <ClInclude Include="Instances\Headers\Data\DataSource.h">
      <Filter>Header Files</Filter>
    </ClInclude>
    <ClInclude Include="Instances\Headers\File Parsing\Providers\Constant.h">
      <Filter>Header Files</Filter>
    </ClInclude>
    <ClInclude Include="Instances\Headers\File Parsing\Providers\Default.h">
      <Filter>Header Files</Filter>
    </ClInclude>
    <ClInclude Include="Instances\Headers\File Parsing\Providers\NodeMain.h">
      <Filter>Header Files</Filter>
    </ClInclude>
    <ClInclude Include="Instances\Headers\File Parsing\Providers\NodeValue.h">
      <Filter>Header Files</Filter>
    </ClInclude>
    <ClInclude Include="Instances\Headers\File Parsing\Providers\Provider.h">
      <Filter>Header Files</Filter>
    </ClInclude>
    <ClInclude Include="Instances\Headers\File Parsing\Providers\Variable.h">
      <Filter>Header Files</Filter>
    </ClInclude>
    <ClInclude Include="Instances\Headers\File Parsing\Virtual XML Nodes\DefaultNode.h">
      <Filter>Header Files</Filter>
    </ClInclude>
    <ClInclude Include="Instances\Headers\File Parsing\Virtual XML Nodes\Node.h">
      <Filter>Header Files</Filter>
    </ClInclude>
    <ClInclude Include="Instances\Headers\File Parsing\Virtual XML Nodes\NodeTemplate.h">
      <Filter>Header Files</Filter>
    </ClInclude>
    <ClInclude Include="Source\Data\State.h">
      <Filter>Header Files</Filter>
    </ClInclude>
    <ClInclude Include="Source\Data\StateOffsetCalculator.h">
      <Filter>Header Files</Filter>
    </ClInclude>
  </ItemGroup>
  <ItemGroup>
    <ClCompile Include="Source\Main\CORE_Main.cpp">
      <Filter>Source Files</Filter>
    </ClCompile>
    <ClCompile Include="Source\Data\Data.cpp">
      <Filter>Source Files</Filter>
    </ClCompile>
    <ClCompile Include="Source\Data\DataSource.cpp">
      <Filter>Source Files</Filter>
    </ClCompile>
    <ClCompile Include="Source\Components\Collidable.cpp">
      <Filter>Source Files</Filter>
    </ClCompile>
    <ClCompile Include="Source\Subsystems\CORE.cpp">
      <Filter>Source Files</Filter>
    </ClCompile>
    <ClCompile Include="Source\Subsystems\CORE_Audio.cpp">
      <Filter>Source Files</Filter>
    </ClCompile>
    <ClCompile Include="Source\Subsystems\CORE_Devices.cpp">
      <Filter>Source Files</Filter>
    </ClCompile>
    <ClCompile Include="Source\Subsystems\CORE_Factory.cpp">
      <Filter>Source Files</Filter>
    </ClCompile>
    <ClCompile Include="Source\Subsystems\CORE_Graphics.cpp">
      <Filter>Source Files</Filter>
    </ClCompile>
    <ClCompile Include="Source\Subsystems\CORE_Resources.cpp">
      <Filter>Source Files</Filter>
    </ClCompile>
    <ClCompile Include="Source\Subsystems\CORE_SystemIO.cpp">
      <Filter>Source Files</Filter>
    </ClCompile>
    <ClCompile Include="Source\Subsystems\CORE_TypeTraits.cpp">
      <Filter>Source Files</Filter>
    </ClCompile>
    <ClCompile Include="Source\Subsystems\Logging\LogFileStream.cpp">
      <Filter>Source Files</Filter>
    </ClCompile>
    <ClCompile Include="Source\Subsystems\Logging\LogWindowStream.cpp">
      <Filter>Source Files</Filter>
    </ClCompile>
    <ClCompile Include="Source\Components\Motion\I_VelocityControl.cpp">
      <Filter>Source Files</Filter>
    </ClCompile>
    <ClCompile Include="Source\Components\Motion\Position.cpp">
      <Filter>Source Files</Filter>
    </ClCompile>
    <ClCompile Include="Source\Components\Motion\Velocity.cpp">
      <Filter>Source Files</Filter>
    </ClCompile>
    <ClCompile Include="Source\Components\Motion\VelocityComponent.cpp">
      <Filter>Source Files</Filter>
    </ClCompile>
    <ClCompile Include="Source\Entities\Component.cpp">
      <Filter>Source Files</Filter>
    </ClCompile>
    <ClCompile Include="Source\Entities\Entity.cpp">
      <Filter>Source Files</Filter>
    </ClCompile>
    <ClCompile Include="Source\Entities\GUI Objects\CheckBoxButton.cpp">
      <Filter>Source Files</Filter>
    </ClCompile>
    <ClCompile Include="Source\Entities\GUI Objects\Control.cpp">
      <Filter>Source Files</Filter>
    </ClCompile>
    <ClCompile Include="Source\Entities\GUI Objects\GUI_Area.cpp">
      <Filter>Source Files</Filter>
    </ClCompile>
    <ClCompile Include="Source\Entities\GUI Objects\SpeechBox.cpp">
      <Filter>Source Files</Filter>
    </ClCompile>
    <ClCompile Include="Source\Entities\GUI Objects\Containers\MenuScreen.cpp">
      <Filter>Source Files</Filter>
    </ClCompile>
    <ClCompile Include="Source\Entities\GUI Objects\Containers\MenuSystem.cpp">
      <Filter>Source Files</Filter>
    </ClCompile>
    <ClCompile Include="Source\Entities\GUI Objects\ButtonComponents\ButtonComponent.cpp">
      <Filter>Source Files</Filter>
    </ClCompile>
    <ClCompile Include="Source\Entities\GUI Objects\ButtonComponents\DragArea.cpp">
      <Filter>Source Files</Filter>
    </ClCompile>
    <ClCompile Include="Source\Entities\GUI Objects\ButtonComponents\MenuDestination.cpp">
      <Filter>Source Files</Filter>
    </ClCompile>
    <ClCompile Include="Source\Entities\GUI Objects\ButtonComponents\MenuLayerAdd.cpp">
      <Filter>Source Files</Filter>
    </ClCompile>
    <ClCompile Include="Source\Entities\GUI Objects\ButtonComponents\MouseProcesor.cpp">
      <Filter>Source Files</Filter>
    </ClCompile>
    <ClCompile Include="..\Libs\PugiXML\pugixml.cpp">
      <Filter>Source Files</Filter>
    </ClCompile>
    <ClCompile Include="Source\Other\Observer.cpp">
      <Filter>Source Files</Filter>
    </ClCompile>
    <ClCompile Include="Source\Other\Timer.cpp">
      <Filter>Source Files</Filter>
    </ClCompile>
    <ClCompile Include="Source\Entities\Game Objects\Containers\Environment.cpp">
      <Filter>Source Files</Filter>
    </ClCompile>
    <ClCompile Include="Source\Entities\Game Objects\Containers\QuadTree.cpp">
      <Filter>Source Files</Filter>
    </ClCompile>
    <ClCompile Include="Source\Entities\Game Objects\Containers\Room.cpp">
      <Filter>Source Files</Filter>
    </ClCompile>
    <ClCompile Include="Source\Entities\Elements\Animation.cpp">
      <Filter>Source Files</Filter>
    </ClCompile>
    <ClCompile Include="Source\Entities\Elements\DynamicTextElement.cpp">
      <Filter>Source Files</Filter>
    </ClCompile>
    <ClCompile Include="Source\Entities\Elements\ImageElement.cpp">
      <Filter>Source Files</Filter>
    </ClCompile>
    <ClCompile Include="Source\Entities\Elements\RenderableCharacter.cpp">
      <Filter>Source Files</Filter>
    </ClCompile>
    <ClCompile Include="Source\Entities\Elements\RenderableCharSet.cpp">
      <Filter>Source Files</Filter>
    </ClCompile>
    <ClCompile Include="Source\Entities\Elements\StaticTextElement.cpp">
      <Filter>Source Files</Filter>
    </ClCompile>
    <ClCompile Include="Source\Entities\Elements\VariableTexture.cpp">
      <Filter>Source Files</Filter>
    </ClCompile>
    <ClCompile Include="Source\Entities\Elements\VisibleElement.cpp">
      <Filter>Source Files</Filter>
    </ClCompile>
    <ClCompile Include="Source\XML Parsing\Providers\Constant.cpp">
      <Filter>Source Files</Filter>
    </ClCompile>
    <ClCompile Include="Source\XML Parsing\Providers\Default.cpp">
      <Filter>Source Files</Filter>
    </ClCompile>
    <ClCompile Include="Source\XML Parsing\Providers\NodeMain.cpp">
      <Filter>Source Files</Filter>
    </ClCompile>
    <ClCompile Include="Source\XML Parsing\Providers\NodeValue.cpp">
      <Filter>Source Files</Filter>
    </ClCompile>
    <ClCompile Include="Source\XML Parsing\Providers\Variable.cpp">
      <Filter>Source Files</Filter>
    </ClCompile>
    <ClCompile Include="Source\XML Parsing\Definers\Definer.cpp">
      <Filter>Source Files</Filter>
    </ClCompile>
    <ClCompile Include="Source\XML Parsing\Definers\NodeParser.cpp">
      <Filter>Source Files</Filter>
    </ClCompile>
    <ClCompile Include="Source\XML Parsing\Definers\NodeTemplate.cpp">
      <Filter>Source Files</Filter>
    </ClCompile>
    <ClCompile Include="Source\XML Parsing\Definers\TemplateDef.cpp">
      <Filter>Source Files</Filter>
    </ClCompile>
    <ClCompile Include="Source\Data\State.cpp">
      <Filter>Source Files</Filter>
    </ClCompile>
    <ClCompile Include="Source\Data\StateOffsetCalculator.cpp">
      <Filter>Source Files</Filter>
    </ClCompile>
  </ItemGroup>
</Project>