<?xml version="1.0" encoding="utf-8"?>
<Project ToolsVersion="4.0" xmlns="http://schemas.microsoft.com/developer/msbuild/2003">
  <ItemGroup>
    <Filter Include="Source Files">
      <UniqueIdentifier>{4FC737F1-C7A5-4376-A066-2A32D752A2FF}</UniqueIdentifier>
      <Extensions>cpp;c;cc;cxx;def;odl;idl;hpj;bat;asm;asmx</Extensions>
    </Filter>
    <Filter Include="Header Files">
      <UniqueIdentifier>{93995380-89BD-4b04-88EB-625FBE52EBFB}</UniqueIdentifier>
      <Extensions>h;hh;hpp;hxx;hm;inl;inc;xsd</Extensions>
    </Filter>
    <Filter Include="Resource Files">
      <UniqueIdentifier>{67DA6AB6-F800-4c08-8B7A-83BB121AAD01}</UniqueIdentifier>
      <Extensions>rc;ico;cur;bmp;dlg;rc2;rct;bin;rgs;gif;jpg;jpeg;jpe;resx;tiff;tif;png;wav;mfcribbon-ms</Extensions>
    </Filter>
  </ItemGroup>
  <ItemGroup>
    <ClInclude Include="H_Instances\Room.h">
      <Filter>Header Files</Filter>
    </ClInclude>
    <ClInclude Include="H_Managers\_Manager.h">
      <Filter>Header Files</Filter>
    </ClInclude>
    <ClInclude Include="H_Managers\EventManager.h">
      <Filter>Header Files</Filter>
    </ClInclude>
    <ClInclude Include="H_Managers\ObjectManager.h">
      <Filter>Header Files</Filter>
    </ClInclude>
    <ClInclude Include="H_Main\Commands.h">
      <Filter>Header Files</Filter>
    </ClInclude>
    <ClInclude Include="H_Main\Globals.h">
      <Filter>Header Files</Filter>
    </ClInclude>
    <ClInclude Include="H_Interfaces\BaseObject.h">
      <Filter>Header Files</Filter>
    </ClInclude>
    <ClInclude Include="H_Interfaces\Mobile.h">
      <Filter>Header Files</Filter>
    </ClInclude>
    <ClInclude Include="H_Interfaces\Pathable.h">
      <Filter>Header Files</Filter>
    </ClInclude>
    <ClInclude Include="H_Interfaces\Updatable.h">
      <Filter>Header Files</Filter>
    </ClInclude>
    <ClInclude Include="H_Interfaces\Visible.h">
      <Filter>Header Files</Filter>
    </ClInclude>
    <ClInclude Include="H_Instances\Timer.h">
      <Filter>Header Files</Filter>
    </ClInclude>
    <ClInclude Include="Loggables\Loggable.h">
      <Filter>Header Files</Filter>
    </ClInclude>
    <ClInclude Include="Assets\AssetsManifest.h">
      <Filter>Header Files</Filter>
    </ClInclude>
    <ClInclude Include="H_Instances\Player.h">
      <Filter>Header Files</Filter>
    </ClInclude>
    <ClInclude Include="H_Instances\CoreEvent.h">
      <Filter>Header Files</Filter>
    </ClInclude>
    <ClInclude Include="H_Instances\Subject.h">
      <Filter>Header Files</Filter>
    </ClInclude>
    <ClInclude Include="H_Instances\TextObjects.h">
      <Filter>Header Files</Filter>
    </ClInclude>
    <ClInclude Include="H_Instances\Spinner.h">
      <Filter>Header Files</Filter>
    </ClInclude>
    <ClInclude Include="H_Instances\QuadTree.h">
      <Filter>Header Files</Filter>
    </ClInclude>
    <ClInclude Include="H_Instances\BouncingBall.h">
      <Filter>Header Files</Filter>
    </ClInclude>
    <ClInclude Include="H_Instances\ReflectiveWall.h">
      <Filter>Header Files</Filter>
    </ClInclude>
    <ClInclude Include="H_Interfaces\Manipulatable.h">
      <Filter>Header Files</Filter>
    </ClInclude>
    <ClInclude Include="H_Instances\Game Objects\Cursor.h">
      <Filter>Header Files</Filter>
    </ClInclude>
    <ClInclude Include="H_Instances\GUI Objects\Button.h">
      <Filter>Header Files</Filter>
    </ClInclude>
    <ClInclude Include="H_Instances\GUI Objects\GUI.h">
      <Filter>Header Files</Filter>
    </ClInclude>
    <ClInclude Include="H_Instances\CORE Objects\ManagerArgs.h">
      <Filter>Header Files</Filter>
    </ClInclude>
    <ClInclude Include="H_Instances\GUI Objects\NavigationButton.h">
      <Filter>Header Files</Filter>
    </ClInclude>
    <ClInclude Include="PugiXML\pugiconfig.hpp">
      <Filter>Header Files</Filter>
    </ClInclude>
    <ClInclude Include="PugiXML\pugixml.hpp">
      <Filter>Header Files</Filter>
    </ClInclude>
    <ClInclude Include="XML Parsing\H_XMLParsing\XML_Reader.h">
      <Filter>Header Files</Filter>
    </ClInclude>
    <ClInclude Include="XML Parsing\H_XMLParsing\XML_Writer.h">
      <Filter>Header Files</Filter>
    </ClInclude>
    <ClInclude Include="H_Interfaces\Readable.h">
      <Filter>Header Files</Filter>
    </ClInclude>
    <ClInclude Include="H_Main\ResourceHashtable.h">
      <Filter>Header Files</Filter>
    </ClInclude>
  </ItemGroup>
  <ItemGroup>
    <ClCompile Include="Core.cpp">
      <Filter>Source Files</Filter>
    </ClCompile>
    <ClCompile Include="C_Managers\_Manager.cpp">
      <Filter>Source Files</Filter>
    </ClCompile>
    <ClCompile Include="C_Managers\ObjectManager.cpp">
      <Filter>Source Files</Filter>
    </ClCompile>
    <ClCompile Include="C_Managers\VideoManager.cpp">
      <Filter>Source Files</Filter>
    </ClCompile>
    <ClCompile Include="C_Interfaces\Visible.cpp">
      <Filter>Source Files</Filter>
    </ClCompile>
    <ClCompile Include="C_Interfaces\Collidable.cpp">
      <Filter>Source Files</Filter>
    </ClCompile>
    <ClCompile Include="C_Interfaces\Mobile.cpp">
      <Filter>Source Files</Filter>
    </ClCompile>
    <ClCompile Include="C_Instances\Thing.cpp">
      <Filter>Source Files</Filter>
    </ClCompile>
    <ClCompile Include="C_Managers\StateManager.cpp">
      <Filter>Source Files</Filter>
    </ClCompile>
    <ClCompile Include="C_Managers\SystemManager.cpp">
      <Filter>Source Files</Filter>
    </ClCompile>
    <ClCompile Include="C_Instances\Timer.cpp">
      <Filter>Source Files</Filter>
    </ClCompile>
    <ClCompile Include="Loggables\Loggables.cpp">
      <Filter>Source Files</Filter>
    </ClCompile>
    <ClCompile Include="C_Managers\AudioManager.cpp">
      <Filter>Source Files</Filter>
    </ClCompile>
    <ClCompile Include="C_Main\Commands.cpp">
      <Filter>Source Files</Filter>
    </ClCompile>
    <ClCompile Include="Assets\AssetsManifest.cpp">
      <Filter>Source Files</Filter>
    </ClCompile>
    <ClCompile Include="C_Instances\CoreEvent.cpp">
      <Filter>Source Files</Filter>
    </ClCompile>
    <ClCompile Include="C_Managers\EventManager.cpp">
      <Filter>Source Files</Filter>
    </ClCompile>
    <ClCompile Include="C_Instances\Subject.cpp">
      <Filter>Source Files</Filter>
    </ClCompile>
    <ClCompile Include="C_Interfaces\Manipulatable.cpp">
      <Filter>Source Files</Filter>
    </ClCompile>
    <ClCompile Include="C_Instances\QuadTree.cpp">
      <Filter>Source Files</Filter>
    </ClCompile>
    <ClCompile Include="C_Interfaces\Updatable.cpp">
      <Filter>Source Files</Filter>
    </ClCompile>
    <ClCompile Include="C_Interfaces\BaseObject.cpp">
      <Filter>Source Files</Filter>
    </ClCompile>
    <ClCompile Include="C_Instances\Game Objects\BouncingBall.cpp">
      <Filter>Source Files</Filter>
    </ClCompile>
    <ClCompile Include="C_Instances\Game Objects\Player.cpp">
      <Filter>Source Files</Filter>
    </ClCompile>
    <ClCompile Include="C_Instances\Game Objects\Spinner.cpp">
      <Filter>Source Files</Filter>
    </ClCompile>
    <ClCompile Include="C_Instances\Game Objects\TextObjects.cpp">
      <Filter>Source Files</Filter>
    </ClCompile>
    <ClCompile Include="C_Instances\Game Objects\ReflectiveWall.cpp">
      <Filter>Source Files</Filter>
    </ClCompile>
    <ClCompile Include="C_Instances\Game Objects\Cursor.cpp">
      <Filter>Source Files</Filter>
    </ClCompile>
    <ClCompile Include="C_Instances\GUI Objects\Button.cpp">
      <Filter>Source Files</Filter>
    </ClCompile>
    <ClCompile Include="C_Instances\GUI Objects\GUI.cpp">
      <Filter>Source Files</Filter>
    </ClCompile>
    <ClCompile Include="C_Instances\CORE Objects\ManagerArgs.cpp">
      <Filter>Source Files</Filter>
    </ClCompile>
    <ClCompile Include="C_Instances\GUI Objects\NavigationButton.cpp">
      <Filter>Source Files</Filter>
    </ClCompile>
    <ClCompile Include="PugiXML\pugixml.cpp">
      <Filter>Source Files</Filter>
    </ClCompile>
    <ClCompile Include="XML Parsing\C_XMLParsing\XML_Writer.cpp">
      <Filter>Source Files</Filter>
    </ClCompile>
    <ClCompile Include="XML Parsing\C_XMLParsing\XML_Reader.cpp">
      <Filter>Source Files</Filter>
    </ClCompile>
    <ClCompile Include="C_Main\ResourceHashtable.cpp">
      <Filter>Source Files</Filter>
    </ClCompile>
  </ItemGroup>
  <ItemGroup>
    <None Include="ClassDiagram.cd" />
  </ItemGroup>
</Project>