<?xml version="1.0" encoding="utf-8"?>
<Project ToolsVersion="4.0" xmlns="http://schemas.microsoft.com/developer/msbuild/2003">
  <ItemGroup>
    <Filter Include="Source Files">
      <UniqueIdentifier>{4FC737F1-C7A5-4376-A066-2A32D752A2FF}</UniqueIdentifier>
      <Extensions>cpp;c;cc;cxx;def;odl;idl;hpj;bat;asm;asmx</Extensions>
    </Filter>
    <Filter Include="Header Files">
      <UniqueIdentifier>{93995380-89BD-4b04-88EB-625FBE52EBFB}</UniqueIdentifier>
      <Extensions>h;hh;hpp;hxx;hm;inl;inc;xsd</Extensions>
    </Filter>
    <Filter Include="Resource Files">
      <UniqueIdentifier>{67DA6AB6-F800-4c08-8B7A-83BB121AAD01}</UniqueIdentifier>
      <Extensions>rc;ico;cur;bmp;dlg;rc2;rct;bin;rgs;gif;jpg;jpeg;jpe;resx;tiff;tif;png;wav;mfcribbon-ms</Extensions>
    </Filter>
  </ItemGroup>
  <ItemGroup>
    <ClInclude Include="H_Instances\Room.h">
      <Filter>Header Files</Filter>
    </ClInclude>
    <ClInclude Include="Loggables\Loggable.h">
      <Filter>Header Files</Filter>
    </ClInclude>
    <ClInclude Include="Assets\AssetsManifest.h">
      <Filter>Header Files</Filter>
    </ClInclude>
    <ClInclude Include="H_Instances\Player.h">
      <Filter>Header Files</Filter>
    </ClInclude>
    <ClInclude Include="H_Instances\TextObjects.h">
      <Filter>Header Files</Filter>
    </ClInclude>
    <ClInclude Include="H_Instances\Spinner.h">
      <Filter>Header Files</Filter>
    </ClInclude>
    <ClInclude Include="H_Instances\BouncingBall.h">
      <Filter>Header Files</Filter>
    </ClInclude>
    <ClInclude Include="H_Instances\ReflectiveWall.h">
      <Filter>Header Files</Filter>
    </ClInclude>
    <ClInclude Include="PugiXML\pugiconfig.hpp">
      <Filter>Header Files</Filter>
    </ClInclude>
    <ClInclude Include="PugiXML\pugixml.hpp">
      <Filter>Header Files</Filter>
    </ClInclude>
    <ClInclude Include="Instances\Headers\Timer.h">
      <Filter>Header Files</Filter>
    </ClInclude>
    <ClInclude Include="Instances\Headers\Environment.h">
      <Filter>Header Files</Filter>
    </ClInclude>
    <ClInclude Include="Instances\Headers\QuadTree.h">
      <Filter>Header Files</Filter>
    </ClInclude>
    <ClInclude Include="Instances\Headers\RenderableCharacter.h">
      <Filter>Header Files</Filter>
    </ClInclude>
    <ClInclude Include="Instances\Headers\RenderableCharSet.h">
      <Filter>Header Files</Filter>
    </ClInclude>
    <ClInclude Include="Instances\Headers\SpeechBox.h">
      <Filter>Header Files</Filter>
    </ClInclude>
    <ClInclude Include="Instances\Headers\Subject.h">
      <Filter>Header Files</Filter>
    </ClInclude>
    <ClInclude Include="Instances\Headers\CORE Objects\ManagerArgs.h">
      <Filter>Header Files</Filter>
    </ClInclude>
    <ClInclude Include="Instances\Headers\Elements\Animation.h">
      <Filter>Header Files</Filter>
    </ClInclude>
    <ClInclude Include="Instances\Headers\Elements\VariableElement.h">
      <Filter>Header Files</Filter>
    </ClInclude>
    <ClInclude Include="Instances\Headers\Game Objects\Door.h">
      <Filter>Header Files</Filter>
    </ClInclude>
    <ClInclude Include="Instances\Headers\Game Objects\Entity.h">
      <Filter>Header Files</Filter>
    </ClInclude>
    <ClInclude Include="Instances\Headers\Game Objects\I_DrawComponent.h">
      <Filter>Header Files</Filter>
    </ClInclude>
    <ClInclude Include="Instances\Headers\Game Objects\I_VelocityControl.h">
      <Filter>Header Files</Filter>
    </ClInclude>
    <ClInclude Include="Instances\Headers\Game Objects\MouseProcessor.h">
      <Filter>Header Files</Filter>
    </ClInclude>
    <ClInclude Include="Instances\Headers\Game Objects\Position.h">
      <Filter>Header Files</Filter>
    </ClInclude>
    <ClInclude Include="Instances\Headers\Game Objects\TriggerZone.h">
      <Filter>Header Files</Filter>
    </ClInclude>
    <ClInclude Include="Instances\Headers\Game Objects\Velocity.h">
      <Filter>Header Files</Filter>
    </ClInclude>
    <ClInclude Include="Instances\Headers\GUI Objects\CheckBoxButton.h">
      <Filter>Header Files</Filter>
    </ClInclude>
    <ClInclude Include="Instances\Headers\GUI Objects\DragArea.h">
      <Filter>Header Files</Filter>
    </ClInclude>
    <ClInclude Include="Instances\Headers\GUI Objects\DynamicTextElement.h">
      <Filter>Header Files</Filter>
    </ClInclude>
    <ClInclude Include="Instances\Headers\GUI Objects\GUI_Area.h">
      <Filter>Header Files</Filter>
    </ClInclude>
    <ClInclude Include="Instances\Headers\GUI Objects\ImageElement.h">
      <Filter>Header Files</Filter>
    </ClInclude>
    <ClInclude Include="Instances\Headers\GUI Objects\MenuScreen.h">
      <Filter>Header Files</Filter>
    </ClInclude>
    <ClInclude Include="Instances\Headers\GUI Objects\MenuSystem.h">
      <Filter>Header Files</Filter>
    </ClInclude>
    <ClInclude Include="Instances\Headers\GUI Objects\NavigationButton.h">
      <Filter>Header Files</Filter>
    </ClInclude>
    <ClInclude Include="Instances\Headers\GUI Objects\StaticTextElement.h">
      <Filter>Header Files</Filter>
    </ClInclude>
    <ClInclude Include="Interfaces\Headers\Aggregate.h">
      <Filter>Header Files</Filter>
    </ClInclude>
    <ClInclude Include="Interfaces\Headers\BaseObject.h">
      <Filter>Header Files</Filter>
    </ClInclude>
    <ClInclude Include="Interfaces\Headers\Component.h">
      <Filter>Header Files</Filter>
    </ClInclude>
    <ClInclude Include="Interfaces\Headers\CompositeDrawable.h">
      <Filter>Header Files</Filter>
    </ClInclude>
    <ClInclude Include="Interfaces\Headers\Control.h">
      <Filter>Header Files</Filter>
    </ClInclude>
    <ClInclude Include="Interfaces\Headers\Controllable.h">
      <Filter>Header Files</Filter>
    </ClInclude>
    <ClInclude Include="Interfaces\Headers\DataBound.h">
      <Filter>Header Files</Filter>
    </ClInclude>
    <ClInclude Include="Interfaces\Headers\Drawable.h">
      <Filter>Header Files</Filter>
    </ClInclude>
    <ClInclude Include="Interfaces\Headers\MotionAffector.h">
      <Filter>Header Files</Filter>
    </ClInclude>
    <ClInclude Include="Interfaces\Headers\Observer.h">
      <Filter>Header Files</Filter>
    </ClInclude>
    <ClInclude Include="Interfaces\Headers\SimpleDrawable.h">
      <Filter>Header Files</Filter>
    </ClInclude>
    <ClInclude Include="Interfaces\Headers\Updatable.h">
      <Filter>Header Files</Filter>
    </ClInclude>
    <ClInclude Include="Interfaces\Headers\UpdatableComponent.h">
      <Filter>Header Files</Filter>
    </ClInclude>
    <ClInclude Include="Interfaces\Headers\VelocityComponent.h">
      <Filter>Header Files</Filter>
    </ClInclude>
    <ClInclude Include="Interfaces\Headers\Visible.h">
      <Filter>Header Files</Filter>
    </ClInclude>
    <ClInclude Include="Interfaces\Headers\VisibleElement.h">
      <Filter>Header Files</Filter>
    </ClInclude>
    <ClInclude Include="Managers\Headers\_Manager.h">
      <Filter>Header Files</Filter>
    </ClInclude>
    <ClInclude Include="Managers\Headers\EventManager.h">
      <Filter>Header Files</Filter>
    </ClInclude>
    <ClInclude Include="Managers\Headers\ObjectManager.h">
      <Filter>Header Files</Filter>
    </ClInclude>
    <ClInclude Include="Main\Headers\Commands.h">
      <Filter>Header Files</Filter>
    </ClInclude>
    <ClInclude Include="Main\Headers\ComponentTypes.h">
      <Filter>Header Files</Filter>
    </ClInclude>
    <ClInclude Include="Main\Headers\ControlTypes.h">
      <Filter>Header Files</Filter>
    </ClInclude>
    <ClInclude Include="Main\Headers\DrawOrder.h">
      <Filter>Header Files</Filter>
    </ClInclude>
    <ClInclude Include="Main\Headers\ElementTypes.h">
      <Filter>Header Files</Filter>
    </ClInclude>
    <ClInclude Include="Main\Headers\Events.h">
      <Filter>Header Files</Filter>
    </ClInclude>
    <ClInclude Include="Main\Headers\Globals.h">
      <Filter>Header Files</Filter>
    </ClInclude>
  </ItemGroup>
  <ItemGroup>
    <ClCompile Include="Loggables\Loggables.cpp">
      <Filter>Source Files</Filter>
    </ClCompile>
    <ClCompile Include="Assets\AssetsManifest.cpp">
      <Filter>Source Files</Filter>
    </ClCompile>
    <ClCompile Include="PugiXML\pugixml.cpp">
      <Filter>Source Files</Filter>
    </ClCompile>
    <ClCompile Include="Instances\Source Files\Environment.cpp">
      <Filter>Source Files</Filter>
    </ClCompile>
    <ClCompile Include="Instances\Source Files\QuadTree.cpp">
      <Filter>Source Files</Filter>
    </ClCompile>
    <ClCompile Include="Instances\Source Files\RenderableCharSet.cpp">
      <Filter>Source Files</Filter>
    </ClCompile>
    <ClCompile Include="Instances\Source Files\RendereableCharacter.cpp">
      <Filter>Source Files</Filter>
    </ClCompile>
    <ClCompile Include="Instances\Source Files\Room.cpp">
      <Filter>Source Files</Filter>
    </ClCompile>
    <ClCompile Include="Instances\Source Files\SpeechBox.cpp">
      <Filter>Source Files</Filter>
    </ClCompile>
    <ClCompile Include="Instances\Source Files\Subject.cpp">
      <Filter>Source Files</Filter>
    </ClCompile>
    <ClCompile Include="Instances\Source Files\Timer.cpp">
      <Filter>Source Files</Filter>
    </ClCompile>
    <ClCompile Include="Instances\Source Files\CORE Objects\ManagerArgs.cpp">
      <Filter>Source Files</Filter>
    </ClCompile>
    <ClCompile Include="Instances\Source Files\Elements\Animation.cpp">
      <Filter>Source Files</Filter>
    </ClCompile>
    <ClCompile Include="Instances\Source Files\Elements\VariableTexture.cpp">
      <Filter>Source Files</Filter>
    </ClCompile>
    <ClCompile Include="Instances\Source Files\Game Objects\Components\I_DrawComponent.cpp">
      <Filter>Source Files</Filter>
    </ClCompile>
    <ClCompile Include="Instances\Source Files\Game Objects\Components\I_VelocityControl.cpp">
      <Filter>Source Files</Filter>
    </ClCompile>
    <ClCompile Include="Instances\Source Files\Game Objects\Components\MouseProcesor.cpp">
      <Filter>Source Files</Filter>
    </ClCompile>
    <ClCompile Include="Instances\Source Files\Game Objects\Components\Position.cpp">
      <Filter>Source Files</Filter>
    </ClCompile>
    <ClCompile Include="Instances\Source Files\Game Objects\Components\Velocity.cpp">
      <Filter>Source Files</Filter>
    </ClCompile>
    <ClCompile Include="Instances\Source Files\Game Objects\Entity.cpp">
      <Filter>Source Files</Filter>
    </ClCompile>
    <ClCompile Include="Instances\Source Files\Game Objects\TriggerZone.cpp">
      <Filter>Source Files</Filter>
    </ClCompile>
    <ClCompile Include="Instances\Source Files\GUI Objects\Button.cpp">
      <Filter>Source Files</Filter>
    </ClCompile>
    <ClCompile Include="Instances\Source Files\GUI Objects\CheckBoxButton.cpp">
      <Filter>Source Files</Filter>
    </ClCompile>
    <ClCompile Include="Instances\Source Files\GUI Objects\Control.cpp">
      <Filter>Source Files</Filter>
    </ClCompile>
    <ClCompile Include="Instances\Source Files\GUI Objects\DragArea.cpp">
      <Filter>Source Files</Filter>
    </ClCompile>
    <ClCompile Include="Instances\Source Files\GUI Objects\DynamicTextElement.cpp">
      <Filter>Source Files</Filter>
    </ClCompile>
    <ClCompile Include="Instances\Source Files\GUI Objects\GUI_Area.cpp">
      <Filter>Source Files</Filter>
    </ClCompile>
    <ClCompile Include="Instances\Source Files\GUI Objects\ImageElement.cpp">
      <Filter>Source Files</Filter>
    </ClCompile>
    <ClCompile Include="Instances\Source Files\GUI Objects\MenuScreen.cpp">
      <Filter>Source Files</Filter>
    </ClCompile>
    <ClCompile Include="Instances\Source Files\GUI Objects\MenuSystem.cpp">
      <Filter>Source Files</Filter>
    </ClCompile>
    <ClCompile Include="Instances\Source Files\GUI Objects\StaticTextElement.cpp">
      <Filter>Source Files</Filter>
    </ClCompile>
    <ClCompile Include="Interfaces\Source Files\Motion\VelocityComponent.cpp">
      <Filter>Source Files</Filter>
    </ClCompile>
    <ClCompile Include="Interfaces\Source Files\BaseObject.cpp">
      <Filter>Source Files</Filter>
    </ClCompile>
    <ClCompile Include="Interfaces\Source Files\Collidable.cpp">
      <Filter>Source Files</Filter>
    </ClCompile>
    <ClCompile Include="Interfaces\Source Files\Component.cpp">
      <Filter>Source Files</Filter>
    </ClCompile>
    <ClCompile Include="Interfaces\Source Files\CompositeDrawable.cpp">
      <Filter>Source Files</Filter>
    </ClCompile>
    <ClCompile Include="Interfaces\Source Files\Controllable.cpp">
      <Filter>Source Files</Filter>
    </ClCompile>
    <ClCompile Include="Interfaces\Source Files\Drawable.cpp">
      <Filter>Source Files</Filter>
    </ClCompile>
    <ClCompile Include="Interfaces\Source Files\Observer.cpp">
      <Filter>Source Files</Filter>
    </ClCompile>
    <ClCompile Include="Interfaces\Source Files\SimpleDrawable.cpp">
      <Filter>Source Files</Filter>
    </ClCompile>
    <ClCompile Include="Interfaces\Source Files\Updatable.cpp">
      <Filter>Source Files</Filter>
    </ClCompile>
    <ClCompile Include="Interfaces\Source Files\VisibleElement.cpp">
      <Filter>Source Files</Filter>
    </ClCompile>
    <ClCompile Include="Managers\Source Files\_Manager.cpp">
      <Filter>Source Files</Filter>
    </ClCompile>
    <ClCompile Include="Managers\Source Files\AudioManager.cpp">
      <Filter>Source Files</Filter>
    </ClCompile>
    <ClCompile Include="Managers\Source Files\EventManager.cpp">
      <Filter>Source Files</Filter>
    </ClCompile>
    <ClCompile Include="Managers\Source Files\ObjectManager.cpp">
      <Filter>Source Files</Filter>
    </ClCompile>
    <ClCompile Include="Managers\Source Files\StateManager.cpp">
      <Filter>Source Files</Filter>
    </ClCompile>
    <ClCompile Include="Managers\Source Files\SystemManager.cpp">
      <Filter>Source Files</Filter>
    </ClCompile>
    <ClCompile Include="Managers\Source Files\VideoManager.cpp">
      <Filter>Source Files</Filter>
    </ClCompile>
    <ClCompile Include="Main\Source Files\Core.cpp">
      <Filter>Source Files</Filter>
    </ClCompile>
  </ItemGroup>
  <ItemGroup>
    <None Include="ClassDiagram.cd" />
  </ItemGroup>
</Project>